// !$*UTF8*$!
{
	archiveVersion = 1;
	classes = {
	};
	objectVersion = 54;
	objects = {

/* Begin PBXBuildFile section */
		0C80B921A6F3F58F76C31292 /* libPods-ShopifyReactNative.a in Frameworks */ = {isa = PBXBuildFile; fileRef = 5DCACB8F33CDC322A6C60F78 /* libPods-ShopifyReactNative.a */; };
		13B07FBF1A68108700A75B9A /* Images.xcassets in Resources */ = {isa = PBXBuildFile; fileRef = 13B07FB51A68108700A75B9A /* Images.xcassets */; };
		5B59D891D6F6A6E277F2957A /* PrivacyInfo.xcprivacy in Resources */ = {isa = PBXBuildFile; fileRef = 13B07FB81A68108700A75B9A /* PrivacyInfo.xcprivacy */; };
		761780ED2CA45674006654EE /* AppDelegate.swift in Sources */ = {isa = PBXBuildFile; fileRef = 761780EC2CA45674006654EE /* AppDelegate.swift */; };
		81AB9BB82411601600AC10FF /* LaunchScreen.storyboard in Resources */ = {isa = PBXBuildFile; fileRef = 81AB9BB72411601600AC10FF /* LaunchScreen.storyboard */; };
		BB75202BECBD49459FEB48E6 /* NunitoSans-Black.ttf in Resources */ = {isa = PBXBuildFile; fileRef = DC393BB97A8647B3A2EE7B3F /* NunitoSans-Black.ttf */; };
		23AB906FADDF444EA5DC249D /* NunitoSans-BlackItalic.ttf in Resources */ = {isa = PBXBuildFile; fileRef = EF3C69882550471D9139B145 /* NunitoSans-BlackItalic.ttf */; };
		31CB2973B89B489C94B1DE01 /* NunitoSans-Bold.ttf in Resources */ = {isa = PBXBuildFile; fileRef = C022E129C9784CF4AF21F527 /* NunitoSans-Bold.ttf */; };
		A15717063315436A91A21D7B /* NunitoSans-BoldItalic.ttf in Resources */ = {isa = PBXBuildFile; fileRef = 498185C1971C4DA48A6E5100 /* NunitoSans-BoldItalic.ttf */; };
		831EBF8A21E84BF38D4FDECE /* NunitoSans-ExtraBlack-Italic.ttf in Resources */ = {isa = PBXBuildFile; fileRef = 65F4181F973148A1A440D200 /* NunitoSans-ExtraBlack-Italic.ttf */; };
		4D4ABD53B897463B82316BE8 /* NunitoSans-ExtraBlack.ttf in Resources */ = {isa = PBXBuildFile; fileRef = 4DACF59EE0634F24AB4276CD /* NunitoSans-ExtraBlack.ttf */; };
		F8B3761D28B34093BA3B71FB /* NunitoSans-ExtraBold.ttf in Resources */ = {isa = PBXBuildFile; fileRef = 5372B9C1684341D295DCB2F4 /* NunitoSans-ExtraBold.ttf */; };
		4344D91A43184A14915275A5 /* NunitoSans-ExtraBoldItalic.ttf in Resources */ = {isa = PBXBuildFile; fileRef = DFCFDF60660D4357A3F3D7A3 /* NunitoSans-ExtraBoldItalic.ttf */; };
		D5149E59415745109D25D27C /* NunitoSans-ExtraLight.ttf in Resources */ = {isa = PBXBuildFile; fileRef = F90D8651E19C4684AE959F14 /* NunitoSans-ExtraLight.ttf */; };
		6F72DB677DBF4AE78A3EBBA1 /* NunitoSans-ExtraLightItalic.ttf in Resources */ = {isa = PBXBuildFile; fileRef = 80A8DAC98CC14FC9AA1980C7 /* NunitoSans-ExtraLightItalic.ttf */; };
		F76FEADCF22C4BA4995C1C98 /* NunitoSans-Light.ttf in Resources */ = {isa = PBXBuildFile; fileRef = 50218F399D0849C5994C1BDA /* NunitoSans-Light.ttf */; };
		F03E2719D6304D83B582E171 /* NunitoSans-LightItalic.ttf in Resources */ = {isa = PBXBuildFile; fileRef = 91F502E60C74433D8986CE3E /* NunitoSans-LightItalic.ttf */; };
		951BF2D818004627971620C4 /* NunitoSans-Medium.ttf in Resources */ = {isa = PBXBuildFile; fileRef = 51D5C6FB1B124142B675B9E7 /* NunitoSans-Medium.ttf */; };
		09B35D9BAEFE4A19A778719E /* NunitoSans-MediumItalic.ttf in Resources */ = {isa = PBXBuildFile; fileRef = 4913B473AA854F9F911F66DD /* NunitoSans-MediumItalic.ttf */; };
		CC8BD6CBB1ED431A9D2AB601 /* NunitoSans-Regular.ttf in Resources */ = {isa = PBXBuildFile; fileRef = B4C832F7DA564F9198CF168E /* NunitoSans-Regular.ttf */; };
		DA3D176146E84CED9DBBB811 /* NunitoSans-RegularItalic.ttf in Resources */ = {isa = PBXBuildFile; fileRef = F4AEBC6D78544A8AA5BC42E8 /* NunitoSans-RegularItalic.ttf */; };
		5E9F523669844281B8B21AA9 /* NunitoSans-SemiBold.ttf in Resources */ = {isa = PBXBuildFile; fileRef = BB466C80F94448478E6E4C19 /* NunitoSans-SemiBold.ttf */; };
		3B53FB215C4A4C9AB86671FD /* NunitoSans-SemiBoldItalic.ttf in Resources */ = {isa = PBXBuildFile; fileRef = F99F5E844C3B456E981EF2E0 /* NunitoSans-SemiBoldItalic.ttf */; };
		FBEE08C01E04471B9F06A0B9 /* Raleway-Black.ttf in Resources */ = {isa = PBXBuildFile; fileRef = 42A6125A55FF4CC09491BC2E /* Raleway-Black.ttf */; };
		E15B1D668DE04FD58611A0AB /* Raleway-BlackItalic.ttf in Resources */ = {isa = PBXBuildFile; fileRef = 742F79CFB1084BFF85202106 /* Raleway-BlackItalic.ttf */; };
		6E0E5839B49A41179E29AFE1 /* Raleway-Bold.ttf in Resources */ = {isa = PBXBuildFile; fileRef = AF64A129AC2542989941046D /* Raleway-Bold.ttf */; };
		BA7F42907C4644EC9CC5F51E /* Raleway-BoldItalic.ttf in Resources */ = {isa = PBXBuildFile; fileRef = D4CF2FCF0F74421890F20C69 /* Raleway-BoldItalic.ttf */; };
		287ED1D407B94C509F7AA2D8 /* Raleway-ExtraBold.ttf in Resources */ = {isa = PBXBuildFile; fileRef = 16175004594A43CF806E390E /* Raleway-ExtraBold.ttf */; };
		9B9C56CB5E8D4A2EA3BB57E7 /* Raleway-ExtraBoldItalic.ttf in Resources */ = {isa = PBXBuildFile; fileRef = 536911DF50A4437481561037 /* Raleway-ExtraBoldItalic.ttf */; };
		6AD4D3D798EE4549BB61CD30 /* Raleway-ExtraLight.ttf in Resources */ = {isa = PBXBuildFile; fileRef = CBA9650A920C47B4A8F06E9E /* Raleway-ExtraLight.ttf */; };
		CEB8E17F00704A3F94255D55 /* Raleway-ExtraLightItalic.ttf in Resources */ = {isa = PBXBuildFile; fileRef = 6C29F9CB5FD2403582D4482F /* Raleway-ExtraLightItalic.ttf */; };
		6737DD45718D4B64903E4DC6 /* Raleway-Light.ttf in Resources */ = {isa = PBXBuildFile; fileRef = 9491F8FAB6CE49B79B1A0D0C /* Raleway-Light.ttf */; };
		F896EF2B623E405EA1B16D20 /* Raleway-LightItalic.ttf in Resources */ = {isa = PBXBuildFile; fileRef = F2652F05268049A98A090869 /* Raleway-LightItalic.ttf */; };
		85BCCAC65E674598B78218A5 /* Raleway-Medium.ttf in Resources */ = {isa = PBXBuildFile; fileRef = A4AE09AD35144E8EB10A6DBE /* Raleway-Medium.ttf */; };
		32835B9777D24425B6A1FAF5 /* Raleway-MediumItalic.ttf in Resources */ = {isa = PBXBuildFile; fileRef = ECF10A01E23543A3BA1CCD41 /* Raleway-MediumItalic.ttf */; };
		FB6C688A63024C50911C6F9D /* Raleway-Regular.ttf in Resources */ = {isa = PBXBuildFile; fileRef = 6F953F2EA80A4C0E9F02744F /* Raleway-Regular.ttf */; };
		0F66661C2C3E417E93FCC225 /* Raleway-RegularItalic.ttf in Resources */ = {isa = PBXBuildFile; fileRef = B6AF08C41C1E4AD98D158C76 /* Raleway-RegularItalic.ttf */; };
		A430DCC57D974F0A8F4AFF19 /* Raleway-SemiBold.ttf in Resources */ = {isa = PBXBuildFile; fileRef = 941E20BB1CE14CCCAD626269 /* Raleway-SemiBold.ttf */; };
		567D3DC9A8184236AAEABEAE /* Raleway-SemiBoldItalic.ttf in Resources */ = {isa = PBXBuildFile; fileRef = 7887346F62444E8CACBEA5FB /* Raleway-SemiBoldItalic.ttf */; };
		9D81860D728F480A81340A25 /* Raleway-Thin.ttf in Resources */ = {isa = PBXBuildFile; fileRef = 4B3F1D5EA10C4A82AD8C0A6A /* Raleway-Thin.ttf */; };
		C87E58E534F3498F801CCE6E /* Raleway-ThinItalic.ttf in Resources */ = {isa = PBXBuildFile; fileRef = D421648141BC49DCA13CAF78 /* Raleway-ThinItalic.ttf */; };
/* End PBXBuildFile section */

/* Begin PBXFileReference section */
		13B07F961A680F5B00A75B9A /* ShopifyReactNative.app */ = {isa = PBXFileReference; explicitFileType = wrapper.application; includeInIndex = 0; path = ShopifyReactNative.app; sourceTree = BUILT_PRODUCTS_DIR; };
		13B07FB51A68108700A75B9A /* Images.xcassets */ = {isa = PBXFileReference; lastKnownFileType = folder.assetcatalog; name = Images.xcassets; path = ShopifyReactNative/Images.xcassets; sourceTree = "<group>"; };
		13B07FB61A68108700A75B9A /* Info.plist */ = {isa = PBXFileReference; fileEncoding = 4; lastKnownFileType = text.plist.xml; name = Info.plist; path = ShopifyReactNative/Info.plist; sourceTree = "<group>"; };
		13B07FB81A68108700A75B9A /* PrivacyInfo.xcprivacy */ = {isa = PBXFileReference; fileEncoding = 4; lastKnownFileType = text.plist.xml; name = PrivacyInfo.xcprivacy; path = ShopifyReactNative/PrivacyInfo.xcprivacy; sourceTree = "<group>"; };
		3B4392A12AC88292D35C810B /* Pods-ShopifyReactNative.debug.xcconfig */ = {isa = PBXFileReference; includeInIndex = 1; lastKnownFileType = text.xcconfig; name = "Pods-ShopifyReactNative.debug.xcconfig"; path = "Target Support Files/Pods-ShopifyReactNative/Pods-ShopifyReactNative.debug.xcconfig"; sourceTree = "<group>"; };
		5709B34CF0A7D63546082F79 /* Pods-ShopifyReactNative.release.xcconfig */ = {isa = PBXFileReference; includeInIndex = 1; lastKnownFileType = text.xcconfig; name = "Pods-ShopifyReactNative.release.xcconfig"; path = "Target Support Files/Pods-ShopifyReactNative/Pods-ShopifyReactNative.release.xcconfig"; sourceTree = "<group>"; };
		5DCACB8F33CDC322A6C60F78 /* libPods-ShopifyReactNative.a */ = {isa = PBXFileReference; explicitFileType = archive.ar; includeInIndex = 0; path = "libPods-ShopifyReactNative.a"; sourceTree = BUILT_PRODUCTS_DIR; };
		761780EC2CA45674006654EE /* AppDelegate.swift */ = {isa = PBXFileReference; lastKnownFileType = sourcecode.swift; name = AppDelegate.swift; path = ShopifyReactNative/AppDelegate.swift; sourceTree = "<group>"; };
		81AB9BB72411601600AC10FF /* LaunchScreen.storyboard */ = {isa = PBXFileReference; fileEncoding = 4; lastKnownFileType = file.storyboard; name = LaunchScreen.storyboard; path = ShopifyReactNative/LaunchScreen.storyboard; sourceTree = "<group>"; };
		ED297162215061F000B7C4FE /* JavaScriptCore.framework */ = {isa = PBXFileReference; lastKnownFileType = wrapper.framework; name = JavaScriptCore.framework; path = System/Library/Frameworks/JavaScriptCore.framework; sourceTree = SDKROOT; };
		DC393BB97A8647B3A2EE7B3F /* NunitoSans-Black.ttf */ = {isa = PBXFileReference; name = "NunitoSans-Black.ttf"; path = "../src/assets/fonts/NunitoSans/NunitoSans-Black.ttf"; sourceTree = "<group>"; fileEncoding = undefined; lastKnownFileType = unknown; explicitFileType = undefined; includeInIndex = 0; };
		EF3C69882550471D9139B145 /* NunitoSans-BlackItalic.ttf */ = {isa = PBXFileReference; name = "NunitoSans-BlackItalic.ttf"; path = "../src/assets/fonts/NunitoSans/NunitoSans-BlackItalic.ttf"; sourceTree = "<group>"; fileEncoding = undefined; lastKnownFileType = unknown; explicitFileType = undefined; includeInIndex = 0; };
		C022E129C9784CF4AF21F527 /* NunitoSans-Bold.ttf */ = {isa = PBXFileReference; name = "NunitoSans-Bold.ttf"; path = "../src/assets/fonts/NunitoSans/NunitoSans-Bold.ttf"; sourceTree = "<group>"; fileEncoding = undefined; lastKnownFileType = unknown; explicitFileType = undefined; includeInIndex = 0; };
		498185C1971C4DA48A6E5100 /* NunitoSans-BoldItalic.ttf */ = {isa = PBXFileReference; name = "NunitoSans-BoldItalic.ttf"; path = "../src/assets/fonts/NunitoSans/NunitoSans-BoldItalic.ttf"; sourceTree = "<group>"; fileEncoding = undefined; lastKnownFileType = unknown; explicitFileType = undefined; includeInIndex = 0; };
		65F4181F973148A1A440D200 /* NunitoSans-ExtraBlack-Italic.ttf */ = {isa = PBXFileReference; name = "NunitoSans-ExtraBlack-Italic.ttf"; path = "../src/assets/fonts/NunitoSans/NunitoSans-ExtraBlack-Italic.ttf"; sourceTree = "<group>"; fileEncoding = undefined; lastKnownFileType = unknown; explicitFileType = undefined; includeInIndex = 0; };
		4DACF59EE0634F24AB4276CD /* NunitoSans-ExtraBlack.ttf */ = {isa = PBXFileReference; name = "NunitoSans-ExtraBlack.ttf"; path = "../src/assets/fonts/NunitoSans/NunitoSans-ExtraBlack.ttf"; sourceTree = "<group>"; fileEncoding = undefined; lastKnownFileType = unknown; explicitFileType = undefined; includeInIndex = 0; };
		5372B9C1684341D295DCB2F4 /* NunitoSans-ExtraBold.ttf */ = {isa = PBXFileReference; name = "NunitoSans-ExtraBold.ttf"; path = "../src/assets/fonts/NunitoSans/NunitoSans-ExtraBold.ttf"; sourceTree = "<group>"; fileEncoding = undefined; lastKnownFileType = unknown; explicitFileType = undefined; includeInIndex = 0; };
		DFCFDF60660D4357A3F3D7A3 /* NunitoSans-ExtraBoldItalic.ttf */ = {isa = PBXFileReference; name = "NunitoSans-ExtraBoldItalic.ttf"; path = "../src/assets/fonts/NunitoSans/NunitoSans-ExtraBoldItalic.ttf"; sourceTree = "<group>"; fileEncoding = undefined; lastKnownFileType = unknown; explicitFileType = undefined; includeInIndex = 0; };
		F90D8651E19C4684AE959F14 /* NunitoSans-ExtraLight.ttf */ = {isa = PBXFileReference; name = "NunitoSans-ExtraLight.ttf"; path = "../src/assets/fonts/NunitoSans/NunitoSans-ExtraLight.ttf"; sourceTree = "<group>"; fileEncoding = undefined; lastKnownFileType = unknown; explicitFileType = undefined; includeInIndex = 0; };
		80A8DAC98CC14FC9AA1980C7 /* NunitoSans-ExtraLightItalic.ttf */ = {isa = PBXFileReference; name = "NunitoSans-ExtraLightItalic.ttf"; path = "../src/assets/fonts/NunitoSans/NunitoSans-ExtraLightItalic.ttf"; sourceTree = "<group>"; fileEncoding = undefined; lastKnownFileType = unknown; explicitFileType = undefined; includeInIndex = 0; };
		50218F399D0849C5994C1BDA /* NunitoSans-Light.ttf */ = {isa = PBXFileReference; name = "NunitoSans-Light.ttf"; path = "../src/assets/fonts/NunitoSans/NunitoSans-Light.ttf"; sourceTree = "<group>"; fileEncoding = undefined; lastKnownFileType = unknown; explicitFileType = undefined; includeInIndex = 0; };
		91F502E60C74433D8986CE3E /* NunitoSans-LightItalic.ttf */ = {isa = PBXFileReference; name = "NunitoSans-LightItalic.ttf"; path = "../src/assets/fonts/NunitoSans/NunitoSans-LightItalic.ttf"; sourceTree = "<group>"; fileEncoding = undefined; lastKnownFileType = unknown; explicitFileType = undefined; includeInIndex = 0; };
		51D5C6FB1B124142B675B9E7 /* NunitoSans-Medium.ttf */ = {isa = PBXFileReference; name = "NunitoSans-Medium.ttf"; path = "../src/assets/fonts/NunitoSans/NunitoSans-Medium.ttf"; sourceTree = "<group>"; fileEncoding = undefined; lastKnownFileType = unknown; explicitFileType = undefined; includeInIndex = 0; };
		4913B473AA854F9F911F66DD /* NunitoSans-MediumItalic.ttf */ = {isa = PBXFileReference; name = "NunitoSans-MediumItalic.ttf"; path = "../src/assets/fonts/NunitoSans/NunitoSans-MediumItalic.ttf"; sourceTree = "<group>"; fileEncoding = undefined; lastKnownFileType = unknown; explicitFileType = undefined; includeInIndex = 0; };
		B4C832F7DA564F9198CF168E /* NunitoSans-Regular.ttf */ = {isa = PBXFileReference; name = "NunitoSans-Regular.ttf"; path = "../src/assets/fonts/NunitoSans/NunitoSans-Regular.ttf"; sourceTree = "<group>"; fileEncoding = undefined; lastKnownFileType = unknown; explicitFileType = undefined; includeInIndex = 0; };
		F4AEBC6D78544A8AA5BC42E8 /* NunitoSans-RegularItalic.ttf */ = {isa = PBXFileReference; name = "NunitoSans-RegularItalic.ttf"; path = "../src/assets/fonts/NunitoSans/NunitoSans-RegularItalic.ttf"; sourceTree = "<group>"; fileEncoding = undefined; lastKnownFileType = unknown; explicitFileType = undefined; includeInIndex = 0; };
		BB466C80F94448478E6E4C19 /* NunitoSans-SemiBold.ttf */ = {isa = PBXFileReference; name = "NunitoSans-SemiBold.ttf"; path = "../src/assets/fonts/NunitoSans/NunitoSans-SemiBold.ttf"; sourceTree = "<group>"; fileEncoding = undefined; lastKnownFileType = unknown; explicitFileType = undefined; includeInIndex = 0; };
		F99F5E844C3B456E981EF2E0 /* NunitoSans-SemiBoldItalic.ttf */ = {isa = PBXFileReference; name = "NunitoSans-SemiBoldItalic.ttf"; path = "../src/assets/fonts/NunitoSans/NunitoSans-SemiBoldItalic.ttf"; sourceTree = "<group>"; fileEncoding = undefined; lastKnownFileType = unknown; explicitFileType = undefined; includeInIndex = 0; };
		42A6125A55FF4CC09491BC2E /* Raleway-Black.ttf */ = {isa = PBXFileReference; name = "Raleway-Black.ttf"; path = "../src/assets/fonts/Raleway/Raleway-Black.ttf"; sourceTree = "<group>"; fileEncoding = undefined; lastKnownFileType = unknown; explicitFileType = undefined; includeInIndex = 0; };
		742F79CFB1084BFF85202106 /* Raleway-BlackItalic.ttf */ = {isa = PBXFileReference; name = "Raleway-BlackItalic.ttf"; path = "../src/assets/fonts/Raleway/Raleway-BlackItalic.ttf"; sourceTree = "<group>"; fileEncoding = undefined; lastKnownFileType = unknown; explicitFileType = undefined; includeInIndex = 0; };
		AF64A129AC2542989941046D /* Raleway-Bold.ttf */ = {isa = PBXFileReference; name = "Raleway-Bold.ttf"; path = "../src/assets/fonts/Raleway/Raleway-Bold.ttf"; sourceTree = "<group>"; fileEncoding = undefined; lastKnownFileType = unknown; explicitFileType = undefined; includeInIndex = 0; };
		D4CF2FCF0F74421890F20C69 /* Raleway-BoldItalic.ttf */ = {isa = PBXFileReference; name = "Raleway-BoldItalic.ttf"; path = "../src/assets/fonts/Raleway/Raleway-BoldItalic.ttf"; sourceTree = "<group>"; fileEncoding = undefined; lastKnownFileType = unknown; explicitFileType = undefined; includeInIndex = 0; };
		16175004594A43CF806E390E /* Raleway-ExtraBold.ttf */ = {isa = PBXFileReference; name = "Raleway-ExtraBold.ttf"; path = "../src/assets/fonts/Raleway/Raleway-ExtraBold.ttf"; sourceTree = "<group>"; fileEncoding = undefined; lastKnownFileType = unknown; explicitFileType = undefined; includeInIndex = 0; };
		536911DF50A4437481561037 /* Raleway-ExtraBoldItalic.ttf */ = {isa = PBXFileReference; name = "Raleway-ExtraBoldItalic.ttf"; path = "../src/assets/fonts/Raleway/Raleway-ExtraBoldItalic.ttf"; sourceTree = "<group>"; fileEncoding = undefined; lastKnownFileType = unknown; explicitFileType = undefined; includeInIndex = 0; };
		CBA9650A920C47B4A8F06E9E /* Raleway-ExtraLight.ttf */ = {isa = PBXFileReference; name = "Raleway-ExtraLight.ttf"; path = "../src/assets/fonts/Raleway/Raleway-ExtraLight.ttf"; sourceTree = "<group>"; fileEncoding = undefined; lastKnownFileType = unknown; explicitFileType = undefined; includeInIndex = 0; };
		6C29F9CB5FD2403582D4482F /* Raleway-ExtraLightItalic.ttf */ = {isa = PBXFileReference; name = "Raleway-ExtraLightItalic.ttf"; path = "../src/assets/fonts/Raleway/Raleway-ExtraLightItalic.ttf"; sourceTree = "<group>"; fileEncoding = undefined; lastKnownFileType = unknown; explicitFileType = undefined; includeInIndex = 0; };
		9491F8FAB6CE49B79B1A0D0C /* Raleway-Light.ttf */ = {isa = PBXFileReference; name = "Raleway-Light.ttf"; path = "../src/assets/fonts/Raleway/Raleway-Light.ttf"; sourceTree = "<group>"; fileEncoding = undefined; lastKnownFileType = unknown; explicitFileType = undefined; includeInIndex = 0; };
		F2652F05268049A98A090869 /* Raleway-LightItalic.ttf */ = {isa = PBXFileReference; name = "Raleway-LightItalic.ttf"; path = "../src/assets/fonts/Raleway/Raleway-LightItalic.ttf"; sourceTree = "<group>"; fileEncoding = undefined; lastKnownFileType = unknown; explicitFileType = undefined; includeInIndex = 0; };
		A4AE09AD35144E8EB10A6DBE /* Raleway-Medium.ttf */ = {isa = PBXFileReference; name = "Raleway-Medium.ttf"; path = "../src/assets/fonts/Raleway/Raleway-Medium.ttf"; sourceTree = "<group>"; fileEncoding = undefined; lastKnownFileType = unknown; explicitFileType = undefined; includeInIndex = 0; };
		ECF10A01E23543A3BA1CCD41 /* Raleway-MediumItalic.ttf */ = {isa = PBXFileReference; name = "Raleway-MediumItalic.ttf"; path = "../src/assets/fonts/Raleway/Raleway-MediumItalic.ttf"; sourceTree = "<group>"; fileEncoding = undefined; lastKnownFileType = unknown; explicitFileType = undefined; includeInIndex = 0; };
		6F953F2EA80A4C0E9F02744F /* Raleway-Regular.ttf */ = {isa = PBXFileReference; name = "Raleway-Regular.ttf"; path = "../src/assets/fonts/Raleway/Raleway-Regular.ttf"; sourceTree = "<group>"; fileEncoding = undefined; lastKnownFileType = unknown; explicitFileType = undefined; includeInIndex = 0; };
		B6AF08C41C1E4AD98D158C76 /* Raleway-RegularItalic.ttf */ = {isa = PBXFileReference; name = "Raleway-RegularItalic.ttf"; path = "../src/assets/fonts/Raleway/Raleway-RegularItalic.ttf"; sourceTree = "<group>"; fileEncoding = undefined; lastKnownFileType = unknown; explicitFileType = undefined; includeInIndex = 0; };
		941E20BB1CE14CCCAD626269 /* Raleway-SemiBold.ttf */ = {isa = PBXFileReference; name = "Raleway-SemiBold.ttf"; path = "../src/assets/fonts/Raleway/Raleway-SemiBold.ttf"; sourceTree = "<group>"; fileEncoding = undefined; lastKnownFileType = unknown; explicitFileType = undefined; includeInIndex = 0; };
		7887346F62444E8CACBEA5FB /* Raleway-SemiBoldItalic.ttf */ = {isa = PBXFileReference; name = "Raleway-SemiBoldItalic.ttf"; path = "../src/assets/fonts/Raleway/Raleway-SemiBoldItalic.ttf"; sourceTree = "<group>"; fileEncoding = undefined; lastKnownFileType = unknown; explicitFileType = undefined; includeInIndex = 0; };
		4B3F1D5EA10C4A82AD8C0A6A /* Raleway-Thin.ttf */ = {isa = PBXFileReference; name = "Raleway-Thin.ttf"; path = "../src/assets/fonts/Raleway/Raleway-Thin.ttf"; sourceTree = "<group>"; fileEncoding = undefined; lastKnownFileType = unknown; explicitFileType = undefined; includeInIndex = 0; };
		D421648141BC49DCA13CAF78 /* Raleway-ThinItalic.ttf */ = {isa = PBXFileReference; name = "Raleway-ThinItalic.ttf"; path = "../src/assets/fonts/Raleway/Raleway-ThinItalic.ttf"; sourceTree = "<group>"; fileEncoding = undefined; lastKnownFileType = unknown; explicitFileType = undefined; includeInIndex = 0; };
/* End PBXFileReference section */

/* Begin PBXFrameworksBuildPhase section */
		13B07F8C1A680F5B00A75B9A /* Frameworks */ = {
			isa = PBXFrameworksBuildPhase;
			buildActionMask = 2147483647;
			files = (
				0C80B921A6F3F58F76C31292 /* libPods-ShopifyReactNative.a in Frameworks */,
			);
			runOnlyForDeploymentPostprocessing = 0;
		};
/* End PBXFrameworksBuildPhase section */

/* Begin PBXGroup section */
		13B07FAE1A68108700A75B9A /* ShopifyReactNative */ = {
			isa = PBXGroup;
			children = (
				13B07FB51A68108700A75B9A /* Images.xcassets */,
				761780EC2CA45674006654EE /* AppDelegate.swift */,
				13B07FB61A68108700A75B9A /* Info.plist */,
				81AB9BB72411601600AC10FF /* LaunchScreen.storyboard */,
				13B07FB81A68108700A75B9A /* PrivacyInfo.xcprivacy */,
			);
			name = ShopifyReactNative;
			sourceTree = "<group>";
		};
		2D16E6871FA4F8E400B85C8A /* Frameworks */ = {
			isa = PBXGroup;
			children = (
				ED297162215061F000B7C4FE /* JavaScriptCore.framework */,
				5DCACB8F33CDC322A6C60F78 /* libPods-ShopifyReactNative.a */,
			);
			name = Frameworks;
			sourceTree = "<group>";
		};
		832341AE1AAA6A7D00B99B32 /* Libraries */ = {
			isa = PBXGroup;
			children = (
			);
			name = Libraries;
			sourceTree = "<group>";
		};
		83CBB9F61A601CBA00E9B192 = {
			isa = PBXGroup;
			children = (
				13B07FAE1A68108700A75B9A /* ShopifyReactNative */,
				832341AE1AAA6A7D00B99B32 /* Libraries */,
				83CBBA001A601CBA00E9B192 /* Products */,
				2D16E6871FA4F8E400B85C8A /* Frameworks */,
				BBD78D7AC51CEA395F1C20DB /* Pods */,
				8D87CBB0D4754C538251064E /* Resources */,
			);
			indentWidth = 2;
			sourceTree = "<group>";
			tabWidth = 2;
			usesTabs = 0;
		};
		83CBBA001A601CBA00E9B192 /* Products */ = {
			isa = PBXGroup;
			children = (
				13B07F961A680F5B00A75B9A /* ShopifyReactNative.app */,
			);
			name = Products;
			sourceTree = "<group>";
		};
		8D87CBB0D4754C538251064E /* Resources */ = {
			isa = PBXGroup;
			children = (
				DC393BB97A8647B3A2EE7B3F /* NunitoSans-Black.ttf */,
				EF3C69882550471D9139B145 /* NunitoSans-BlackItalic.ttf */,
				C022E129C9784CF4AF21F527 /* NunitoSans-Bold.ttf */,
				498185C1971C4DA48A6E5100 /* NunitoSans-BoldItalic.ttf */,
				65F4181F973148A1A440D200 /* NunitoSans-ExtraBlack-Italic.ttf */,
				4DACF59EE0634F24AB4276CD /* NunitoSans-ExtraBlack.ttf */,
				5372B9C1684341D295DCB2F4 /* NunitoSans-ExtraBold.ttf */,
				DFCFDF60660D4357A3F3D7A3 /* NunitoSans-ExtraBoldItalic.ttf */,
				F90D8651E19C4684AE959F14 /* NunitoSans-ExtraLight.ttf */,
				80A8DAC98CC14FC9AA1980C7 /* NunitoSans-ExtraLightItalic.ttf */,
				50218F399D0849C5994C1BDA /* NunitoSans-Light.ttf */,
				91F502E60C74433D8986CE3E /* NunitoSans-LightItalic.ttf */,
				51D5C6FB1B124142B675B9E7 /* NunitoSans-Medium.ttf */,
				4913B473AA854F9F911F66DD /* NunitoSans-MediumItalic.ttf */,
				B4C832F7DA564F9198CF168E /* NunitoSans-Regular.ttf */,
				F4AEBC6D78544A8AA5BC42E8 /* NunitoSans-RegularItalic.ttf */,
				BB466C80F94448478E6E4C19 /* NunitoSans-SemiBold.ttf */,
				F99F5E844C3B456E981EF2E0 /* NunitoSans-SemiBoldItalic.ttf */,
				42A6125A55FF4CC09491BC2E /* Raleway-Black.ttf */,
				742F79CFB1084BFF85202106 /* Raleway-BlackItalic.ttf */,
				AF64A129AC2542989941046D /* Raleway-Bold.ttf */,
				D4CF2FCF0F74421890F20C69 /* Raleway-BoldItalic.ttf */,
				16175004594A43CF806E390E /* Raleway-ExtraBold.ttf */,
				536911DF50A4437481561037 /* Raleway-ExtraBoldItalic.ttf */,
				CBA9650A920C47B4A8F06E9E /* Raleway-ExtraLight.ttf */,
				6C29F9CB5FD2403582D4482F /* Raleway-ExtraLightItalic.ttf */,
				9491F8FAB6CE49B79B1A0D0C /* Raleway-Light.ttf */,
				F2652F05268049A98A090869 /* Raleway-LightItalic.ttf */,
				A4AE09AD35144E8EB10A6DBE /* Raleway-Medium.ttf */,
				ECF10A01E23543A3BA1CCD41 /* Raleway-MediumItalic.ttf */,
				6F953F2EA80A4C0E9F02744F /* Raleway-Regular.ttf */,
				B6AF08C41C1E4AD98D158C76 /* Raleway-RegularItalic.ttf */,
				941E20BB1CE14CCCAD626269 /* Raleway-SemiBold.ttf */,
				7887346F62444E8CACBEA5FB /* Raleway-SemiBoldItalic.ttf */,
				4B3F1D5EA10C4A82AD8C0A6A /* Raleway-Thin.ttf */,
				D421648141BC49DCA13CAF78 /* Raleway-ThinItalic.ttf */,
			);
			name = Resources;
			sourceTree = "<group>";
		};
		BBD78D7AC51CEA395F1C20DB /* Pods */ = {
			isa = PBXGroup;
			children = (
				3B4392A12AC88292D35C810B /* Pods-ShopifyReactNative.debug.xcconfig */,
				5709B34CF0A7D63546082F79 /* Pods-ShopifyReactNative.release.xcconfig */,
			);
			path = Pods;
			sourceTree = "<group>";
		};
/* End PBXGroup section */

/* Begin PBXNativeTarget section */
		13B07F861A680F5B00A75B9A /* ShopifyReactNative */ = {
			isa = PBXNativeTarget;
			buildConfigurationList = 13B07F931A680F5B00A75B9A /* Build configuration list for PBXNativeTarget "ShopifyReactNative" */;
			buildPhases = (
				C38B50BA6285516D6DCD4F65 /* [CP] Check Pods Manifest.lock */,
				13B07F871A680F5B00A75B9A /* Sources */,
				13B07F8C1A680F5B00A75B9A /* Frameworks */,
				13B07F8E1A680F5B00A75B9A /* Resources */,
				00DD1BFF1BD5951E006B06BC /* Bundle React Native code and images */,
				00EEFC60759A1932668264C0 /* [CP] Embed Pods Frameworks */,
				E235C05ADACE081382539298 /* [CP] Copy Pods Resources */,
			);
			buildRules = (
			);
			dependencies = (
			);
			name = ShopifyReactNative;
			productName = ShopifyReactNative;
			productReference = 13B07F961A680F5B00A75B9A /* ShopifyReactNative.app */;
			productType = "com.apple.product-type.application";
		};
/* End PBXNativeTarget section */

/* Begin PBXProject section */
		83CBB9F71A601CBA00E9B192 /* Project object */ = {
			isa = PBXProject;
			attributes = {
				LastUpgradeCheck = 1210;
				TargetAttributes = {
					13B07F861A680F5B00A75B9A = {
						LastSwiftMigration = 1120;
					};
				};
			};
			buildConfigurationList = 83CBB9FA1A601CBA00E9B192 /* Build configuration list for PBXProject "ShopifyReactNative" */;
			compatibilityVersion = "Xcode 12.0";
			developmentRegion = en;
			hasScannedForEncodings = 0;
			knownRegions = (
				en,
				Base,
			);
			mainGroup = 83CBB9F61A601CBA00E9B192;
			productRefGroup = 83CBBA001A601CBA00E9B192 /* Products */;
			projectDirPath = "";
			projectRoot = "";
			targets = (
				13B07F861A680F5B00A75B9A /* ShopifyReactNative */,
			);
		};
/* End PBXProject section */

/* Begin PBXResourcesBuildPhase section */
		13B07F8E1A680F5B00A75B9A /* Resources */ = {
			isa = PBXResourcesBuildPhase;
			buildActionMask = 2147483647;
			files = (
				81AB9BB82411601600AC10FF /* LaunchScreen.storyboard in Resources */,
				13B07FBF1A68108700A75B9A /* Images.xcassets in Resources */,
				5B59D891D6F6A6E277F2957A /* PrivacyInfo.xcprivacy in Resources */,
				BB75202BECBD49459FEB48E6 /* NunitoSans-Black.ttf in Resources */,
				23AB906FADDF444EA5DC249D /* NunitoSans-BlackItalic.ttf in Resources */,
				31CB2973B89B489C94B1DE01 /* NunitoSans-Bold.ttf in Resources */,
				A15717063315436A91A21D7B /* NunitoSans-BoldItalic.ttf in Resources */,
				831EBF8A21E84BF38D4FDECE /* NunitoSans-ExtraBlack-Italic.ttf in Resources */,
				4D4ABD53B897463B82316BE8 /* NunitoSans-ExtraBlack.ttf in Resources */,
				F8B3761D28B34093BA3B71FB /* NunitoSans-ExtraBold.ttf in Resources */,
				4344D91A43184A14915275A5 /* NunitoSans-ExtraBoldItalic.ttf in Resources */,
				D5149E59415745109D25D27C /* NunitoSans-ExtraLight.ttf in Resources */,
				6F72DB677DBF4AE78A3EBBA1 /* NunitoSans-ExtraLightItalic.ttf in Resources */,
				F76FEADCF22C4BA4995C1C98 /* NunitoSans-Light.ttf in Resources */,
				F03E2719D6304D83B582E171 /* NunitoSans-LightItalic.ttf in Resources */,
				951BF2D818004627971620C4 /* NunitoSans-Medium.ttf in Resources */,
				09B35D9BAEFE4A19A778719E /* NunitoSans-MediumItalic.ttf in Resources */,
				CC8BD6CBB1ED431A9D2AB601 /* NunitoSans-Regular.ttf in Resources */,
				DA3D176146E84CED9DBBB811 /* NunitoSans-RegularItalic.ttf in Resources */,
				5E9F523669844281B8B21AA9 /* NunitoSans-SemiBold.ttf in Resources */,
				3B53FB215C4A4C9AB86671FD /* NunitoSans-SemiBoldItalic.ttf in Resources */,
				FBEE08C01E04471B9F06A0B9 /* Raleway-Black.ttf in Resources */,
				E15B1D668DE04FD58611A0AB /* Raleway-BlackItalic.ttf in Resources */,
				6E0E5839B49A41179E29AFE1 /* Raleway-Bold.ttf in Resources */,
				BA7F42907C4644EC9CC5F51E /* Raleway-BoldItalic.ttf in Resources */,
				287ED1D407B94C509F7AA2D8 /* Raleway-ExtraBold.ttf in Resources */,
				9B9C56CB5E8D4A2EA3BB57E7 /* Raleway-ExtraBoldItalic.ttf in Resources */,
				6AD4D3D798EE4549BB61CD30 /* Raleway-ExtraLight.ttf in Resources */,
				CEB8E17F00704A3F94255D55 /* Raleway-ExtraLightItalic.ttf in Resources */,
				6737DD45718D4B64903E4DC6 /* Raleway-Light.ttf in Resources */,
				F896EF2B623E405EA1B16D20 /* Raleway-LightItalic.ttf in Resources */,
				85BCCAC65E674598B78218A5 /* Raleway-Medium.ttf in Resources */,
				32835B9777D24425B6A1FAF5 /* Raleway-MediumItalic.ttf in Resources */,
				FB6C688A63024C50911C6F9D /* Raleway-Regular.ttf in Resources */,
				0F66661C2C3E417E93FCC225 /* Raleway-RegularItalic.ttf in Resources */,
				A430DCC57D974F0A8F4AFF19 /* Raleway-SemiBold.ttf in Resources */,
				567D3DC9A8184236AAEABEAE /* Raleway-SemiBoldItalic.ttf in Resources */,
				9D81860D728F480A81340A25 /* Raleway-Thin.ttf in Resources */,
				C87E58E534F3498F801CCE6E /* Raleway-ThinItalic.ttf in Resources */,
			);
			runOnlyForDeploymentPostprocessing = 0;
		};
/* End PBXResourcesBuildPhase section */

/* Begin PBXShellScriptBuildPhase section */
		00DD1BFF1BD5951E006B06BC /* Bundle React Native code and images */ = {
			isa = PBXShellScriptBuildPhase;
			buildActionMask = 2147483647;
			files = (
			);
			inputPaths = (
				"$(SRCROOT)/.xcode.env.local",
				"$(SRCROOT)/.xcode.env",
			);
			name = "Bundle React Native code and images";
			outputPaths = (
			);
			runOnlyForDeploymentPostprocessing = 0;
			shellPath = /bin/sh;
			shellScript = "set -e\n\nWITH_ENVIRONMENT=\"$REACT_NATIVE_PATH/scripts/xcode/with-environment.sh\"\nREACT_NATIVE_XCODE=\"$REACT_NATIVE_PATH/scripts/react-native-xcode.sh\"\n\n/bin/sh -c \"$WITH_ENVIRONMENT $REACT_NATIVE_XCODE\"\n";
		};
		00EEFC60759A1932668264C0 /* [CP] Embed Pods Frameworks */ = {
			isa = PBXShellScriptBuildPhase;
			buildActionMask = 2147483647;
			files = (
			);
			inputFileListPaths = (
				"${PODS_ROOT}/Target Support Files/Pods-ShopifyReactNative/Pods-ShopifyReactNative-frameworks-${CONFIGURATION}-input-files.xcfilelist",
			);
			name = "[CP] Embed Pods Frameworks";
			outputFileListPaths = (
				"${PODS_ROOT}/Target Support Files/Pods-ShopifyReactNative/Pods-ShopifyReactNative-frameworks-${CONFIGURATION}-output-files.xcfilelist",
			);
			runOnlyForDeploymentPostprocessing = 0;
			shellPath = /bin/sh;
			shellScript = "\"${PODS_ROOT}/Target Support Files/Pods-ShopifyReactNative/Pods-ShopifyReactNative-frameworks.sh\"\n";
			showEnvVarsInLog = 0;
		};
		C38B50BA6285516D6DCD4F65 /* [CP] Check Pods Manifest.lock */ = {
			isa = PBXShellScriptBuildPhase;
			buildActionMask = 2147483647;
			files = (
			);
			inputFileListPaths = (
			);
			inputPaths = (
				"${PODS_PODFILE_DIR_PATH}/Podfile.lock",
				"${PODS_ROOT}/Manifest.lock",
			);
			name = "[CP] Check Pods Manifest.lock";
			outputFileListPaths = (
			);
			outputPaths = (
				"$(DERIVED_FILE_DIR)/Pods-ShopifyReactNative-checkManifestLockResult.txt",
			);
			runOnlyForDeploymentPostprocessing = 0;
			shellPath = /bin/sh;
			shellScript = "diff \"${PODS_PODFILE_DIR_PATH}/Podfile.lock\" \"${PODS_ROOT}/Manifest.lock\" > /dev/null\nif [ $? != 0 ] ; then\n    # print error to STDERR\n    echo \"error: The sandbox is not in sync with the Podfile.lock. Run 'pod install' or update your CocoaPods installation.\" >&2\n    exit 1\nfi\n# This output is used by Xcode 'outputs' to avoid re-running this script phase.\necho \"SUCCESS\" > \"${SCRIPT_OUTPUT_FILE_0}\"\n";
			showEnvVarsInLog = 0;
		};
		E235C05ADACE081382539298 /* [CP] Copy Pods Resources */ = {
			isa = PBXShellScriptBuildPhase;
			buildActionMask = 2147483647;
			files = (
			);
			inputFileListPaths = (
				"${PODS_ROOT}/Target Support Files/Pods-ShopifyReactNative/Pods-ShopifyReactNative-resources-${CONFIGURATION}-input-files.xcfilelist",
			);
			name = "[CP] Copy Pods Resources";
			outputFileListPaths = (
				"${PODS_ROOT}/Target Support Files/Pods-ShopifyReactNative/Pods-ShopifyReactNative-resources-${CONFIGURATION}-output-files.xcfilelist",
			);
			runOnlyForDeploymentPostprocessing = 0;
			shellPath = /bin/sh;
			shellScript = "\"${PODS_ROOT}/Target Support Files/Pods-ShopifyReactNative/Pods-ShopifyReactNative-resources.sh\"\n";
			showEnvVarsInLog = 0;
		};
/* End PBXShellScriptBuildPhase section */

/* Begin PBXSourcesBuildPhase section */
		13B07F871A680F5B00A75B9A /* Sources */ = {
			isa = PBXSourcesBuildPhase;
			buildActionMask = 2147483647;
			files = (
				761780ED2CA45674006654EE /* AppDelegate.swift in Sources */,
			);
			runOnlyForDeploymentPostprocessing = 0;
		};
/* End PBXSourcesBuildPhase section */

/* Begin XCBuildConfiguration section */
		13B07F941A680F5B00A75B9A /* Debug */ = {
			isa = XCBuildConfiguration;
			baseConfigurationReference = 3B4392A12AC88292D35C810B /* Pods-ShopifyReactNative.debug.xcconfig */;
			buildSettings = {
				ASSETCATALOG_COMPILER_APPICON_NAME = AppIcon;
				CLANG_ENABLE_MODULES = YES;
				CURRENT_PROJECT_VERSION = 1;
				DEVELOPMENT_TEAM = 27YAY27NDJ;
				ENABLE_BITCODE = NO;
				INFOPLIST_FILE = ShopifyReactNative/Info.plist;
				IPHONEOS_DEPLOYMENT_TARGET = 15.1;
				LD_RUNPATH_SEARCH_PATHS = (
					"$(inherited)",
					"@executable_path/Frameworks",
				);
				MARKETING_VERSION = 1.0;
				OTHER_LDFLAGS = (
					"$(inherited)",
					"-ObjC",
					"-lc++",
				);
				PRODUCT_BUNDLE_IDENTIFIER = org.reactjs.native.example.shopifty;
				PRODUCT_NAME = ShopifyReactNative;
				SWIFT_OPTIMIZATION_LEVEL = "-Onone";
				SWIFT_VERSION = 5.0;
				VERSIONING_SYSTEM = "apple-generic";
			};
			name = Debug;
		};
		13B07F951A680F5B00A75B9A /* Release */ = {
			isa = XCBuildConfiguration;
			baseConfigurationReference = 5709B34CF0A7D63546082F79 /* Pods-ShopifyReactNative.release.xcconfig */;
			buildSettings = {
				ASSETCATALOG_COMPILER_APPICON_NAME = AppIcon;
				CLANG_ENABLE_MODULES = YES;
				CURRENT_PROJECT_VERSION = 1;
				DEVELOPMENT_TEAM = 27YAY27NDJ;
				INFOPLIST_FILE = ShopifyReactNative/Info.plist;
				IPHONEOS_DEPLOYMENT_TARGET = 15.1;
				LD_RUNPATH_SEARCH_PATHS = (
					"$(inherited)",
					"@executable_path/Frameworks",
				);
				MARKETING_VERSION = 1.0;
				OTHER_LDFLAGS = (
					"$(inherited)",
					"-ObjC",
					"-lc++",
				);
				PRODUCT_BUNDLE_IDENTIFIER = org.reactjs.native.example.shopifty;
				PRODUCT_NAME = ShopifyReactNative;
				SWIFT_VERSION = 5.0;
				VERSIONING_SYSTEM = "apple-generic";
			};
			name = Release;
		};
		83CBBA201A601CBA00E9B192 /* Debug */ = {
			isa = XCBuildConfiguration;
			buildSettings = {
				ALWAYS_SEARCH_USER_PATHS = NO;
				CLANG_ANALYZER_LOCALIZABILITY_NONLOCALIZED = YES;
				CLANG_CXX_LANGUAGE_STANDARD = "c++20";
				CLANG_CXX_LIBRARY = "libc++";
				CLANG_ENABLE_MODULES = YES;
				CLANG_ENABLE_OBJC_ARC = YES;
				CLANG_WARN_BLOCK_CAPTURE_AUTORELEASING = YES;
				CLANG_WARN_BOOL_CONVERSION = YES;
				CLANG_WARN_COMMA = YES;
				CLANG_WARN_CONSTANT_CONVERSION = YES;
				CLANG_WARN_DEPRECATED_OBJC_IMPLEMENTATIONS = YES;
				CLANG_WARN_DIRECT_OBJC_ISA_USAGE = YES_ERROR;
				CLANG_WARN_EMPTY_BODY = YES;
				CLANG_WARN_ENUM_CONVERSION = YES;
				CLANG_WARN_INFINITE_RECURSION = YES;
				CLANG_WARN_INT_CONVERSION = YES;
				CLANG_WARN_NON_LITERAL_NULL_CONVERSION = YES;
				CLANG_WARN_OBJC_IMPLICIT_RETAIN_SELF = YES;
				CLANG_WARN_OBJC_LITERAL_CONVERSION = YES;
				CLANG_WARN_OBJC_ROOT_CLASS = YES_ERROR;
				CLANG_WARN_QUOTED_INCLUDE_IN_FRAMEWORK_HEADER = YES;
				CLANG_WARN_RANGE_LOOP_ANALYSIS = YES;
				CLANG_WARN_STRICT_PROTOTYPES = YES;
				CLANG_WARN_SUSPICIOUS_MOVE = YES;
				CLANG_WARN_UNREACHABLE_CODE = YES;
				CLANG_WARN__DUPLICATE_METHOD_MATCH = YES;
				"CODE_SIGN_IDENTITY[sdk=iphoneos*]" = "iPhone Developer";
				COPY_PHASE_STRIP = NO;
				ENABLE_STRICT_OBJC_MSGSEND = YES;
				ENABLE_TESTABILITY = YES;
				"EXCLUDED_ARCHS[sdk=iphonesimulator*]" = "";
				GCC_C_LANGUAGE_STANDARD = gnu99;
				GCC_DYNAMIC_NO_PIC = NO;
				GCC_NO_COMMON_BLOCKS = YES;
				GCC_OPTIMIZATION_LEVEL = 0;
				GCC_PREPROCESSOR_DEFINITIONS = (
					"DEBUG=1",
					"$(inherited)",
				);
				GCC_SYMBOLS_PRIVATE_EXTERN = NO;
				GCC_WARN_64_TO_32_BIT_CONVERSION = YES;
				GCC_WARN_ABOUT_RETURN_TYPE = YES_ERROR;
				GCC_WARN_UNDECLARED_SELECTOR = YES;
				GCC_WARN_UNINITIALIZED_AUTOS = YES_AGGRESSIVE;
				GCC_WARN_UNUSED_FUNCTION = YES;
				GCC_WARN_UNUSED_VARIABLE = YES;
				IPHONEOS_DEPLOYMENT_TARGET = 15.1;
				LD_RUNPATH_SEARCH_PATHS = (
					/usr/lib/swift,
					"$(inherited)",
				);
				LIBRARY_SEARCH_PATHS = (
					"\"$(SDKROOT)/usr/lib/swift\"",
					"\"$(TOOLCHAIN_DIR)/usr/lib/swift/$(PLATFORM_NAME)\"",
					"\"$(inherited)\"",
				);
				MTL_ENABLE_DEBUG_INFO = YES;
				ONLY_ACTIVE_ARCH = YES;
				OTHER_CPLUSPLUSFLAGS = (
					"$(OTHER_CFLAGS)",
					"-DFOLLY_NO_CONFIG",
					"-DFOLLY_MOBILE=1",
					"-DFOLLY_USE_LIBCPP=1",
					"-DFOLLY_CFG_NO_COROUTINES=1",
					"-DFOLLY_HAVE_CLOCK_GETTIME=1",
				);
				OTHER_LDFLAGS = (
					"$(inherited)",
					" ",
				);
				REACT_NATIVE_PATH = "${PODS_ROOT}/../../node_modules/react-native";
				SDKROOT = iphoneos;
				SWIFT_ACTIVE_COMPILATION_CONDITIONS = "$(inherited) DEBUG";
				USE_HERMES = true;
			};
			name = Debug;
		};
		83CBBA211A601CBA00E9B192 /* Release */ = {
			isa = XCBuildConfiguration;
			buildSettings = {
				ALWAYS_SEARCH_USER_PATHS = NO;
				CLANG_ANALYZER_LOCALIZABILITY_NONLOCALIZED = YES;
				CLANG_CXX_LANGUAGE_STANDARD = "c++20";
				CLANG_CXX_LIBRARY = "libc++";
				CLANG_ENABLE_MODULES = YES;
				CLANG_ENABLE_OBJC_ARC = YES;
				CLANG_WARN_BLOCK_CAPTURE_AUTORELEASING = YES;
				CLANG_WARN_BOOL_CONVERSION = YES;
				CLANG_WARN_COMMA = YES;
				CLANG_WARN_CONSTANT_CONVERSION = YES;
				CLANG_WARN_DEPRECATED_OBJC_IMPLEMENTATIONS = YES;
				CLANG_WARN_DIRECT_OBJC_ISA_USAGE = YES_ERROR;
				CLANG_WARN_EMPTY_BODY = YES;
				CLANG_WARN_ENUM_CONVERSION = YES;
				CLANG_WARN_INFINITE_RECURSION = YES;
				CLANG_WARN_INT_CONVERSION = YES;
				CLANG_WARN_NON_LITERAL_NULL_CONVERSION = YES;
				CLANG_WARN_OBJC_IMPLICIT_RETAIN_SELF = YES;
				CLANG_WARN_OBJC_LITERAL_CONVERSION = YES;
				CLANG_WARN_OBJC_ROOT_CLASS = YES_ERROR;
				CLANG_WARN_QUOTED_INCLUDE_IN_FRAMEWORK_HEADER = YES;
				CLANG_WARN_RANGE_LOOP_ANALYSIS = YES;
				CLANG_WARN_STRICT_PROTOTYPES = YES;
				CLANG_WARN_SUSPICIOUS_MOVE = YES;
				CLANG_WARN_UNREACHABLE_CODE = YES;
				CLANG_WARN__DUPLICATE_METHOD_MATCH = YES;
				"CODE_SIGN_IDENTITY[sdk=iphoneos*]" = "iPhone Developer";
				COPY_PHASE_STRIP = YES;
				ENABLE_NS_ASSERTIONS = NO;
				ENABLE_STRICT_OBJC_MSGSEND = YES;
				"EXCLUDED_ARCHS[sdk=iphonesimulator*]" = "";
				GCC_C_LANGUAGE_STANDARD = gnu99;
				GCC_NO_COMMON_BLOCKS = YES;
				GCC_WARN_64_TO_32_BIT_CONVERSION = YES;
				GCC_WARN_ABOUT_RETURN_TYPE = YES_ERROR;
				GCC_WARN_UNDECLARED_SELECTOR = YES;
				GCC_WARN_UNINITIALIZED_AUTOS = YES_AGGRESSIVE;
				GCC_WARN_UNUSED_FUNCTION = YES;
				GCC_WARN_UNUSED_VARIABLE = YES;
				IPHONEOS_DEPLOYMENT_TARGET = 15.1;
				LD_RUNPATH_SEARCH_PATHS = (
					/usr/lib/swift,
					"$(inherited)",
				);
				LIBRARY_SEARCH_PATHS = (
					"\"$(SDKROOT)/usr/lib/swift\"",
					"\"$(TOOLCHAIN_DIR)/usr/lib/swift/$(PLATFORM_NAME)\"",
					"\"$(inherited)\"",
				);
				MTL_ENABLE_DEBUG_INFO = NO;
				OTHER_CPLUSPLUSFLAGS = (
					"$(OTHER_CFLAGS)",
					"-DFOLLY_NO_CONFIG",
					"-DFOLLY_MOBILE=1",
					"-DFOLLY_USE_LIBCPP=1",
					"-DFOLLY_CFG_NO_COROUTINES=1",
					"-DFOLLY_HAVE_CLOCK_GETTIME=1",
				);
				OTHER_LDFLAGS = (
					"$(inherited)",
					" ",
				);
				REACT_NATIVE_PATH = "${PODS_ROOT}/../../node_modules/react-native";
				SDKROOT = iphoneos;
				USE_HERMES = true;
				VALIDATE_PRODUCT = YES;
			};
			name = Release;
		};
/* End XCBuildConfiguration section */

/* Begin XCConfigurationList section */
		13B07F931A680F5B00A75B9A /* Build configuration list for PBXNativeTarget "ShopifyReactNative" */ = {
			isa = XCConfigurationList;
			buildConfigurations = (
				13B07F941A680F5B00A75B9A /* Debug */,
				13B07F951A680F5B00A75B9A /* Release */,
			);
			defaultConfigurationIsVisible = 0;
			defaultConfigurationName = Release;
		};
		83CBB9FA1A601CBA00E9B192 /* Build configuration list for PBXProject "ShopifyReactNative" */ = {
			isa = XCConfigurationList;
			buildConfigurations = (
				83CBBA201A601CBA00E9B192 /* Debug */,
				83CBBA211A601CBA00E9B192 /* Release */,
			);
			defaultConfigurationIsVisible = 0;
			defaultConfigurationName = Release;
		};
/* End XCConfigurationList section */
	};
	rootObject = 83CBB9F71A601CBA00E9B192 /* Project object */;
}
